
Microsoft Visual Studio Solution File, Format Version 12.00
# Visual Studio Version 16
VisualStudioVersion = 16.0.31729.503
MinimumVisualStudioVersion = 10.0.40219.1
Project("{FAE04EC0-301F-11D3-BF4B-00C04F79EFBC}") = "UCP1_PAW_080", "UCP1_PAW_080\UCP1_PAW_080.csproj", "{4041F19E-76E6-4C26-A31E-F9641C47DC38}"
EndProject
Global
	GlobalSection(SolutionConfigurationPlatforms) = preSolution
		Debug|Any CPU = Debug|Any CPU
		Release|Any CPU = Release|Any CPU
	EndGlobalSection
	GlobalSection(ProjectConfigurationPlatforms) = postSolution
		{4041F19E-76E6-4C26-A31E-F9641C47DC38}.Debug|Any CPU.ActiveCfg = Debug|Any CPU
		{4041F19E-76E6-4C26-A31E-F9641C47DC38}.Debug|Any CPU.Build.0 = Debug|Any CPU
		{4041F19E-76E6-4C26-A31E-F9641C47DC38}.Release|Any CPU.ActiveCfg = Release|Any CPU
		{4041F19E-76E6-4C26-A31E-F9641C47DC38}.Release|Any CPU.Build.0 = Release|Any CPU
	EndGlobalSection
	GlobalSection(SolutionProperties) = preSolution
		HideSolutionNode = FALSE
	EndGlobalSection
	GlobalSection(ExtensibilityGlobals) = postSolution
		SolutionGuid = {948B6DC7-E948-4B59-B06C-04C2209D2B76}
	EndGlobalSection
EndGlobal
